
Microsoft Visual Studio Solution File, Format Version 12.00
# Visual Studio Version 17
VisualStudioVersion = 17.3.32922.545
MinimumVisualStudioVersion = 10.0.40219.1
Project("{FAE04EC0-301F-11D3-BF4B-00C04F79EFBC}") = "Labsheet1", "Labsheet1\Labsheet1.csproj", "{53A1FBC5-D38B-43A2-9259-8E77EEBFAC59}"
EndProject
Project("{FAE04EC0-301F-11D3-BF4B-00C04F79EFBC}") = "ClassLibrary1", "ClassLibrary1\ClassLibrary1.csproj", "{06372DBA-B29B-4CBE-8CF8-110A4192A3B8}"
EndProject
Global
	GlobalSection(SolutionConfigurationPlatforms) = preSolution
		Debug|Any CPU = Debug|Any CPU
		Release|Any CPU = Release|Any CPU
	EndGlobalSection
	GlobalSection(ProjectConfigurationPlatforms) = postSolution
		{53A1FBC5-D38B-43A2-9259-8E77EEBFAC59}.Debug|Any CPU.ActiveCfg = Debug|Any CPU
		{53A1FBC5-D38B-43A2-9259-8E77EEBFAC59}.Debug|Any CPU.Build.0 = Debug|Any CPU
		{53A1FBC5-D38B-43A2-9259-8E77EEBFAC59}.Release|Any CPU.ActiveCfg = Release|Any CPU
		{53A1FBC5-D38B-43A2-9259-8E77EEBFAC59}.Release|Any CPU.Build.0 = Release|Any CPU
		{06372DBA-B29B-4CBE-8CF8-110A4192A3B8}.Debug|Any CPU.ActiveCfg = Debug|Any CPU
		{06372DBA-B29B-4CBE-8CF8-110A4192A3B8}.Debug|Any CPU.Build.0 = Debug|Any CPU
		{06372DBA-B29B-4CBE-8CF8-110A4192A3B8}.Release|Any CPU.ActiveCfg = Release|Any CPU
		{06372DBA-B29B-4CBE-8CF8-110A4192A3B8}.Release|Any CPU.Build.0 = Release|Any CPU
	EndGlobalSection
	GlobalSection(SolutionProperties) = preSolution
		HideSolutionNode = FALSE
	EndGlobalSection
	GlobalSection(ExtensibilityGlobals) = postSolution
		SolutionGuid = {8523AEF8-5B64-40BB-B10C-6D3DD191724C}
	EndGlobalSection
EndGlobal
